
Microsoft Visual Studio Solution File, Format Version 12.00
# Visual Studio Version 17
VisualStudioVersion = 17.5.33627.172
MinimumVisualStudioVersion = 10.0.40219.1
Project("{FAE04EC0-301F-11D3-BF4B-00C04F79EFBC}") = "VMPStringDecrypter", "VMPStringDecrypter\VMPStringDecrypter.csproj", "{34247754-0DB9-4065-B618-D3306FCCDC7B}"
EndProject
Global
	GlobalSection(SolutionConfigurationPlatforms) = preSolution
		Debug|Any CPU = Debug|Any CPU
		Release|Any CPU = Release|Any CPU
	EndGlobalSection
	GlobalSection(ProjectConfigurationPlatforms) = postSolution
		{34247754-0DB9-4065-B618-D3306FCCDC7B}.Debug|Any CPU.ActiveCfg = Debug|Any CPU
		{34247754-0DB9-4065-B618-D3306FCCDC7B}.Debug|Any CPU.Build.0 = Debug|Any CPU
		{34247754-0DB9-4065-B618-D3306FCCDC7B}.Release|Any CPU.ActiveCfg = Release|Any CPU
		{34247754-0DB9-4065-B618-D3306FCCDC7B}.Release|Any CPU.Build.0 = Release|Any CPU
	EndGlobalSection
	GlobalSection(SolutionProperties) = preSolution
		HideSolutionNode = FALSE
	EndGlobalSection
	GlobalSection(ExtensibilityGlobals) = postSolution
		SolutionGuid = {8F02B6C2-8972-4441-AAD0-ED1EC6C92AC8}
	EndGlobalSection
EndGlobal
